// !$*UTF8*$!
{
	archiveVersion = 1;
	classes = {
	};
	objectVersion = 50;
	objects = {

/* Begin PBXBuildFile section */
		7886ABD623C3750E008BA3E5 /* Gestionnaire.swift in Sources */ = {isa = PBXBuildFile; fileRef = 7886ABD523C3750E008BA3E5 /* Gestionnaire.swift */; };
		78C14AE723D5ACC3001C670A /* EditRepasVC.swift in Sources */ = {isa = PBXBuildFile; fileRef = 78C14AE623D5ACC3001C670A /* EditRepasVC.swift */; };
		78C14AE923D5C2F3001C670A /* ShowRepasVC.swift in Sources */ = {isa = PBXBuildFile; fileRef = 78C14AE823D5C2F3001C670A /* ShowRepasVC.swift */; };
		78E1B00223D5EE1A0076A761 /* entree.png in Resources */ = {isa = PBXBuildFile; fileRef = 78E1AFFE23D5EE1A0076A761 /* entree.png */; };
		78E1B00323D5EE1A0076A761 /* dessert.png in Resources */ = {isa = PBXBuildFile; fileRef = 78E1AFFF23D5EE1A0076A761 /* dessert.png */; };
		78E1B00423D5EE1A0076A761 /* boisson.png in Resources */ = {isa = PBXBuildFile; fileRef = 78E1B00023D5EE1A0076A761 /* boisson.png */; };
		78E1B00523D5EE1A0076A761 /* principal.png in Resources */ = {isa = PBXBuildFile; fileRef = 78E1B00123D5EE1A0076A761 /* principal.png */; };
		78F22F1123AB885600098837 /* RepasCell.swift in Sources */ = {isa = PBXBuildFile; fileRef = 78F22F1023AB885600098837 /* RepasCell.swift */; };
		78F22F1323AB88C600098837 /* Repas.swift in Sources */ = {isa = PBXBuildFile; fileRef = 78F22F1223AB88C600098837 /* Repas.swift */; };
		78F22F1523AB895700098837 /* Enum_TypeRepas.swift in Sources */ = {isa = PBXBuildFile; fileRef = 78F22F1423AB895700098837 /* Enum_TypeRepas.swift */; };
		7AD5AEF623AA354E00987625 /* AppDelegate.swift in Sources */ = {isa = PBXBuildFile; fileRef = 7AD5AEF523AA354E00987625 /* AppDelegate.swift */; };
		7AD5AEF823AA354E00987625 /* SceneDelegate.swift in Sources */ = {isa = PBXBuildFile; fileRef = 7AD5AEF723AA354E00987625 /* SceneDelegate.swift */; };
		7AD5AEFA23AA354E00987625 /* ViewController.swift in Sources */ = {isa = PBXBuildFile; fileRef = 7AD5AEF923AA354E00987625 /* ViewController.swift */; };
		7AD5AEFD23AA354F00987625 /* Main.storyboard in Resources */ = {isa = PBXBuildFile; fileRef = 7AD5AEFB23AA354F00987625 /* Main.storyboard */; };
		7AD5AEFF23AA357500987625 /* Assets.xcassets in Resources */ = {isa = PBXBuildFile; fileRef = 7AD5AEFE23AA357500987625 /* Assets.xcassets */; };
		7AD5AF0223AA357500987625 /* LaunchScreen.storyboard in Resources */ = {isa = PBXBuildFile; fileRef = 7AD5AF0023AA357500987625 /* LaunchScreen.storyboard */; };
		F02B2BDB23E1F0F100784C41 /* autre_dark.png in Resources */ = {isa = PBXBuildFile; fileRef = F02B2BD923E1F0F100784C41 /* autre_dark.png */; };
		F02B2BDC23E1F0F100784C41 /* autre.png in Resources */ = {isa = PBXBuildFile; fileRef = F02B2BDA23E1F0F100784C41 /* autre.png */; };
		F05A6F8723E06D6B0027D33D /* entree_dark.png in Resources */ = {isa = PBXBuildFile; fileRef = F05A6F8323E06D6B0027D33D /* entree_dark.png */; };
		F05A6F8823E06D6B0027D33D /* boisson_dark.png in Resources */ = {isa = PBXBuildFile; fileRef = F05A6F8423E06D6B0027D33D /* boisson_dark.png */; };
		F05A6F8923E06D6B0027D33D /* dessert_dark.png in Resources */ = {isa = PBXBuildFile; fileRef = F05A6F8523E06D6B0027D33D /* dessert_dark.png */; };
		F05A6F8A23E06D6B0027D33D /* principal_dark.png in Resources */ = {isa = PBXBuildFile; fileRef = F05A6F8623E06D6B0027D33D /* principal_dark.png */; };
		F05A6F8D23E06F880027D33D /* UI_icon_clock.png in Resources */ = {isa = PBXBuildFile; fileRef = F05A6F8B23E06F880027D33D /* UI_icon_clock.png */; };
		F05A6F8E23E06F880027D33D /* UI_icon_clock_dark.png in Resources */ = {isa = PBXBuildFile; fileRef = F05A6F8C23E06F880027D33D /* UI_icon_clock_dark.png */; };
/* End PBXBuildFile section */

/* Begin PBXFileReference section */
		7886ABD523C3750E008BA3E5 /* Gestionnaire.swift */ = {isa = PBXFileReference; lastKnownFileType = sourcecode.swift; name = Gestionnaire.swift; path = Model/Gestionnaire.swift; sourceTree = "<group>"; };
		78C14AE623D5ACC3001C670A /* EditRepasVC.swift */ = {isa = PBXFileReference; lastKnownFileType = sourcecode.swift; path = EditRepasVC.swift; sourceTree = "<group>"; };
		78C14AE823D5C2F3001C670A /* ShowRepasVC.swift */ = {isa = PBXFileReference; lastKnownFileType = sourcecode.swift; path = ShowRepasVC.swift; sourceTree = "<group>"; };
		78E1AFFE23D5EE1A0076A761 /* entree.png */ = {isa = PBXFileReference; lastKnownFileType = image.png; name = entree.png; path = Images/entree.png; sourceTree = "<group>"; };
		78E1AFFF23D5EE1A0076A761 /* dessert.png */ = {isa = PBXFileReference; lastKnownFileType = image.png; name = dessert.png; path = Images/dessert.png; sourceTree = "<group>"; };
		78E1B00023D5EE1A0076A761 /* boisson.png */ = {isa = PBXFileReference; lastKnownFileType = image.png; name = boisson.png; path = Images/boisson.png; sourceTree = "<group>"; };
		78E1B00123D5EE1A0076A761 /* principal.png */ = {isa = PBXFileReference; lastKnownFileType = image.png; name = principal.png; path = Images/principal.png; sourceTree = "<group>"; };
		78F22F1023AB885600098837 /* RepasCell.swift */ = {isa = PBXFileReference; lastKnownFileType = sourcecode.swift; path = RepasCell.swift; sourceTree = "<group>"; };
		78F22F1223AB88C600098837 /* Repas.swift */ = {isa = PBXFileReference; lastKnownFileType = sourcecode.swift; name = Repas.swift; path = Model/Repas.swift; sourceTree = "<group>"; };
		78F22F1423AB895700098837 /* Enum_TypeRepas.swift */ = {isa = PBXFileReference; lastKnownFileType = sourcecode.swift; name = Enum_TypeRepas.swift; path = Model/Enum_TypeRepas.swift; sourceTree = "<group>"; };
		7AD5AEF223AA354E00987625 /* ideeRepas.app */ = {isa = PBXFileReference; explicitFileType = wrapper.application; includeInIndex = 0; path = ideeRepas.app; sourceTree = BUILT_PRODUCTS_DIR; };
		7AD5AEF523AA354E00987625 /* AppDelegate.swift */ = {isa = PBXFileReference; lastKnownFileType = sourcecode.swift; path = AppDelegate.swift; sourceTree = "<group>"; };
		7AD5AEF723AA354E00987625 /* SceneDelegate.swift */ = {isa = PBXFileReference; lastKnownFileType = sourcecode.swift; path = SceneDelegate.swift; sourceTree = "<group>"; };
		7AD5AEF923AA354E00987625 /* ViewController.swift */ = {isa = PBXFileReference; lastKnownFileType = sourcecode.swift; path = ViewController.swift; sourceTree = "<group>"; };
		7AD5AEFC23AA354F00987625 /* Base */ = {isa = PBXFileReference; lastKnownFileType = file.storyboard; name = Base; path = Base.lproj/Main.storyboard; sourceTree = "<group>"; };
		7AD5AEFE23AA357500987625 /* Assets.xcassets */ = {isa = PBXFileReference; lastKnownFileType = folder.assetcatalog; path = Assets.xcassets; sourceTree = "<group>"; };
		7AD5AF0123AA357500987625 /* Base */ = {isa = PBXFileReference; lastKnownFileType = file.storyboard; name = Base; path = Base.lproj/LaunchScreen.storyboard; sourceTree = "<group>"; };
		7AD5AF0323AA357500987625 /* Info.plist */ = {isa = PBXFileReference; lastKnownFileType = text.plist.xml; path = Info.plist; sourceTree = "<group>"; };
		F02B2BD923E1F0F100784C41 /* autre_dark.png */ = {isa = PBXFileReference; lastKnownFileType = image.png; name = autre_dark.png; path = Images/autre_dark.png; sourceTree = "<group>"; };
		F02B2BDA23E1F0F100784C41 /* autre.png */ = {isa = PBXFileReference; lastKnownFileType = image.png; name = autre.png; path = Images/autre.png; sourceTree = "<group>"; };
		F05A6F8323E06D6B0027D33D /* entree_dark.png */ = {isa = PBXFileReference; lastKnownFileType = image.png; name = entree_dark.png; path = Images/entree_dark.png; sourceTree = "<group>"; };
		F05A6F8423E06D6B0027D33D /* boisson_dark.png */ = {isa = PBXFileReference; lastKnownFileType = image.png; name = boisson_dark.png; path = Images/boisson_dark.png; sourceTree = "<group>"; };
		F05A6F8523E06D6B0027D33D /* dessert_dark.png */ = {isa = PBXFileReference; lastKnownFileType = image.png; name = dessert_dark.png; path = Images/dessert_dark.png; sourceTree = "<group>"; };
		F05A6F8623E06D6B0027D33D /* principal_dark.png */ = {isa = PBXFileReference; lastKnownFileType = image.png; name = principal_dark.png; path = Images/principal_dark.png; sourceTree = "<group>"; };
		F05A6F8B23E06F880027D33D /* UI_icon_clock.png */ = {isa = PBXFileReference; lastKnownFileType = image.png; name = UI_icon_clock.png; path = Images/UI_icon_clock.png; sourceTree = "<group>"; };
		F05A6F8C23E06F880027D33D /* UI_icon_clock_dark.png */ = {isa = PBXFileReference; lastKnownFileType = image.png; name = UI_icon_clock_dark.png; path = Images/UI_icon_clock_dark.png; sourceTree = "<group>"; };
/* End PBXFileReference section */

/* Begin PBXFrameworksBuildPhase section */
		7AD5AEEF23AA354D00987625 /* Frameworks */ = {
			isa = PBXFrameworksBuildPhase;
			buildActionMask = 2147483647;
			files = (
			);
			runOnlyForDeploymentPostprocessing = 0;
		};
/* End PBXFrameworksBuildPhase section */

/* Begin PBXGroup section */
		7AD5AEE923AA354D00987625 = {
			isa = PBXGroup;
			children = (
				7AD5AEF423AA354E00987625 /* ideeRepas */,
				7AD5AEF323AA354E00987625 /* Products */,
			);
			sourceTree = "<group>";
		};
		7AD5AEF323AA354E00987625 /* Products */ = {
			isa = PBXGroup;
			children = (
				7AD5AEF223AA354E00987625 /* ideeRepas.app */,
			);
			name = Products;
			sourceTree = "<group>";
		};
		7AD5AEF423AA354E00987625 /* ideeRepas */ = {
			isa = PBXGroup;
			children = (
				F02B2BD923E1F0F100784C41 /* autre_dark.png */,
				F02B2BDA23E1F0F100784C41 /* autre.png */,
				F05A6F8C23E06F880027D33D /* UI_icon_clock_dark.png */,
				F05A6F8B23E06F880027D33D /* UI_icon_clock.png */,
				F05A6F8423E06D6B0027D33D /* boisson_dark.png */,
				F05A6F8523E06D6B0027D33D /* dessert_dark.png */,
				F05A6F8323E06D6B0027D33D /* entree_dark.png */,
				F05A6F8623E06D6B0027D33D /* principal_dark.png */,
				78E1B00023D5EE1A0076A761 /* boisson.png */,
				78E1AFFF23D5EE1A0076A761 /* dessert.png */,
				78E1AFFE23D5EE1A0076A761 /* entree.png */,
				78E1B00123D5EE1A0076A761 /* principal.png */,
				7AD5AEF523AA354E00987625 /* AppDelegate.swift */,
				7AD5AEF723AA354E00987625 /* SceneDelegate.swift */,
				7AD5AEF923AA354E00987625 /* ViewController.swift */,
				7AD5AEFB23AA354F00987625 /* Main.storyboard */,
				7AD5AEFE23AA357500987625 /* Assets.xcassets */,
				7AD5AF0023AA357500987625 /* LaunchScreen.storyboard */,
				7AD5AF0323AA357500987625 /* Info.plist */,
				78F22F1023AB885600098837 /* RepasCell.swift */,
				78F22F1223AB88C600098837 /* Repas.swift */,
				78F22F1423AB895700098837 /* Enum_TypeRepas.swift */,
				7886ABD523C3750E008BA3E5 /* Gestionnaire.swift */,
				78C14AE623D5ACC3001C670A /* EditRepasVC.swift */,
				78C14AE823D5C2F3001C670A /* ShowRepasVC.swift */,
			);
			path = ideeRepas;
			sourceTree = "<group>";
		};
/* End PBXGroup section */

/* Begin PBXNativeTarget section */
		7AD5AEF123AA354D00987625 /* ideeRepas */ = {
			isa = PBXNativeTarget;
			buildConfigurationList = 7AD5AF0623AA357500987625 /* Build configuration list for PBXNativeTarget "ideeRepas" */;
			buildPhases = (
				7AD5AEEE23AA354D00987625 /* Sources */,
				7AD5AEEF23AA354D00987625 /* Frameworks */,
				7AD5AEF023AA354D00987625 /* Resources */,
			);
			buildRules = (
			);
			dependencies = (
			);
			name = ideeRepas;
			productName = ideeRepas;
			productReference = 7AD5AEF223AA354E00987625 /* ideeRepas.app */;
			productType = "com.apple.product-type.application";
		};
/* End PBXNativeTarget section */

/* Begin PBXProject section */
		7AD5AEEA23AA354D00987625 /* Project object */ = {
			isa = PBXProject;
			attributes = {
				LastSwiftUpdateCheck = 1130;
				LastUpgradeCheck = 1130;
				ORGANIZATIONNAME = "Adrien Jaugey";
				TargetAttributes = {
					7AD5AEF123AA354D00987625 = {
						CreatedOnToolsVersion = 11.3;
						LastSwiftMigration = 1120;
					};
				};
			};
			buildConfigurationList = 7AD5AEED23AA354D00987625 /* Build configuration list for PBXProject "ideeRepas" */;
			compatibilityVersion = "Xcode 9.3";
			developmentRegion = en;
			hasScannedForEncodings = 0;
			knownRegions = (
				en,
				Base,
			);
			mainGroup = 7AD5AEE923AA354D00987625;
			productRefGroup = 7AD5AEF323AA354E00987625 /* Products */;
			projectDirPath = "";
			projectRoot = "";
			targets = (
				7AD5AEF123AA354D00987625 /* ideeRepas */,
			);
		};
/* End PBXProject section */

/* Begin PBXResourcesBuildPhase section */
		7AD5AEF023AA354D00987625 /* Resources */ = {
			isa = PBXResourcesBuildPhase;
			buildActionMask = 2147483647;
			files = (
				78E1B00223D5EE1A0076A761 /* entree.png in Resources */,
				F05A6F8D23E06F880027D33D /* UI_icon_clock.png in Resources */,
				78E1B00423D5EE1A0076A761 /* boisson.png in Resources */,
				F05A6F8923E06D6B0027D33D /* dessert_dark.png in Resources */,
				F02B2BDC23E1F0F100784C41 /* autre.png in Resources */,
				F05A6F8823E06D6B0027D33D /* boisson_dark.png in Resources */,
				F05A6F8A23E06D6B0027D33D /* principal_dark.png in Resources */,
				78E1B00523D5EE1A0076A761 /* principal.png in Resources */,
				7AD5AF0223AA357500987625 /* LaunchScreen.storyboard in Resources */,
				F05A6F8E23E06F880027D33D /* UI_icon_clock_dark.png in Resources */,
				7AD5AEFF23AA357500987625 /* Assets.xcassets in Resources */,
				7AD5AEFD23AA354F00987625 /* Main.storyboard in Resources */,
				F02B2BDB23E1F0F100784C41 /* autre_dark.png in Resources */,
				F05A6F8723E06D6B0027D33D /* entree_dark.png in Resources */,
				78E1B00323D5EE1A0076A761 /* dessert.png in Resources */,
			);
			runOnlyForDeploymentPostprocessing = 0;
		};
/* End PBXResourcesBuildPhase section */

/* Begin PBXSourcesBuildPhase section */
		7AD5AEEE23AA354D00987625 /* Sources */ = {
			isa = PBXSourcesBuildPhase;
			buildActionMask = 2147483647;
			files = (
				78C14AE923D5C2F3001C670A /* ShowRepasVC.swift in Sources */,
				7AD5AEFA23AA354E00987625 /* ViewController.swift in Sources */,
				78C14AE723D5ACC3001C670A /* EditRepasVC.swift in Sources */,
				78F22F1123AB885600098837 /* RepasCell.swift in Sources */,
				78F22F1323AB88C600098837 /* Repas.swift in Sources */,
				7886ABD623C3750E008BA3E5 /* Gestionnaire.swift in Sources */,
				7AD5AEF623AA354E00987625 /* AppDelegate.swift in Sources */,
				78F22F1523AB895700098837 /* Enum_TypeRepas.swift in Sources */,
				7AD5AEF823AA354E00987625 /* SceneDelegate.swift in Sources */,
			);
			runOnlyForDeploymentPostprocessing = 0;
		};
/* End PBXSourcesBuildPhase section */

/* Begin PBXVariantGroup section */
		7AD5AEFB23AA354F00987625 /* Main.storyboard */ = {
			isa = PBXVariantGroup;
			children = (
				7AD5AEFC23AA354F00987625 /* Base */,
			);
			name = Main.storyboard;
			sourceTree = "<group>";
		};
		7AD5AF0023AA357500987625 /* LaunchScreen.storyboard */ = {
			isa = PBXVariantGroup;
			children = (
				7AD5AF0123AA357500987625 /* Base */,
			);
			name = LaunchScreen.storyboard;
			sourceTree = "<group>";
		};
/* End PBXVariantGroup section */

/* Begin XCBuildConfiguration section */
		7AD5AF0423AA357500987625 /* Debug */ = {
			isa = XCBuildConfiguration;
			buildSettings = {
				ALWAYS_SEARCH_USER_PATHS = NO;
				CLANG_ANALYZER_NONNULL = YES;
				CLANG_ANALYZER_NUMBER_OBJECT_CONVERSION = YES_AGGRESSIVE;
				CLANG_CXX_LANGUAGE_STANDARD = "gnu++14";
				CLANG_CXX_LIBRARY = "libc++";
				CLANG_ENABLE_MODULES = YES;
				CLANG_ENABLE_OBJC_ARC = YES;
				CLANG_ENABLE_OBJC_WEAK = YES;
				CLANG_WARN_BLOCK_CAPTURE_AUTORELEASING = YES;
				CLANG_WARN_BOOL_CONVERSION = YES;
				CLANG_WARN_COMMA = YES;
				CLANG_WARN_CONSTANT_CONVERSION = YES;
				CLANG_WARN_DEPRECATED_OBJC_IMPLEMENTATIONS = YES;
				CLANG_WARN_DIRECT_OBJC_ISA_USAGE = YES_ERROR;
				CLANG_WARN_DOCUMENTATION_COMMENTS = YES;
				CLANG_WARN_EMPTY_BODY = YES;
				CLANG_WARN_ENUM_CONVERSION = YES;
				CLANG_WARN_INFINITE_RECURSION = YES;
				CLANG_WARN_INT_CONVERSION = YES;
				CLANG_WARN_NON_LITERAL_NULL_CONVERSION = YES;
				CLANG_WARN_OBJC_IMPLICIT_RETAIN_SELF = YES;
				CLANG_WARN_OBJC_LITERAL_CONVERSION = YES;
				CLANG_WARN_OBJC_ROOT_CLASS = YES_ERROR;
				CLANG_WARN_RANGE_LOOP_ANALYSIS = YES;
				CLANG_WARN_STRICT_PROTOTYPES = YES;
				CLANG_WARN_SUSPICIOUS_MOVE = YES;
				CLANG_WARN_UNGUARDED_AVAILABILITY = YES_AGGRESSIVE;
				CLANG_WARN_UNREACHABLE_CODE = YES;
				CLANG_WARN__DUPLICATE_METHOD_MATCH = YES;
				COPY_PHASE_STRIP = NO;
				DEBUG_INFORMATION_FORMAT = dwarf;
				ENABLE_STRICT_OBJC_MSGSEND = YES;
				ENABLE_TESTABILITY = YES;
				GCC_C_LANGUAGE_STANDARD = gnu11;
				GCC_DYNAMIC_NO_PIC = NO;
				GCC_NO_COMMON_BLOCKS = YES;
				GCC_OPTIMIZATION_LEVEL = 0;
				GCC_PREPROCESSOR_DEFINITIONS = (
					"DEBUG=1",
					"$(inherited)",
				);
				GCC_WARN_64_TO_32_BIT_CONVERSION = YES;
				GCC_WARN_ABOUT_RETURN_TYPE = YES_ERROR;
				GCC_WARN_UNDECLARED_SELECTOR = YES;
				GCC_WARN_UNINITIALIZED_AUTOS = YES_AGGRESSIVE;
				GCC_WARN_UNUSED_FUNCTION = YES;
				GCC_WARN_UNUSED_VARIABLE = YES;
				IPHONEOS_DEPLOYMENT_TARGET = 13.2;
				MTL_ENABLE_DEBUG_INFO = INCLUDE_SOURCE;
				MTL_FAST_MATH = YES;
				ONLY_ACTIVE_ARCH = YES;
				SDKROOT = iphoneos;
				SWIFT_ACTIVE_COMPILATION_CONDITIONS = DEBUG;
				SWIFT_OPTIMIZATION_LEVEL = "-Onone";
			};
			name = Debug;
		};
		7AD5AF0523AA357500987625 /* Release */ = {
			isa = XCBuildConfiguration;
			buildSettings = {
				ALWAYS_SEARCH_USER_PATHS = NO;
				CLANG_ANALYZER_NONNULL = YES;
				CLANG_ANALYZER_NUMBER_OBJECT_CONVERSION = YES_AGGRESSIVE;
				CLANG_CXX_LANGUAGE_STANDARD = "gnu++14";
				CLANG_CXX_LIBRARY = "libc++";
				CLANG_ENABLE_MODULES = YES;
				CLANG_ENABLE_OBJC_ARC = YES;
				CLANG_ENABLE_OBJC_WEAK = YES;
				CLANG_WARN_BLOCK_CAPTURE_AUTORELEASING = YES;
				CLANG_WARN_BOOL_CONVERSION = YES;
				CLANG_WARN_COMMA = YES;
				CLANG_WARN_CONSTANT_CONVERSION = YES;
				CLANG_WARN_DEPRECATED_OBJC_IMPLEMENTATIONS = YES;
				CLANG_WARN_DIRECT_OBJC_ISA_USAGE = YES_ERROR;
				CLANG_WARN_DOCUMENTATION_COMMENTS = YES;
				CLANG_WARN_EMPTY_BODY = YES;
				CLANG_WARN_ENUM_CONVERSION = YES;
				CLANG_WARN_INFINITE_RECURSION = YES;
				CLANG_WARN_INT_CONVERSION = YES;
				CLANG_WARN_NON_LITERAL_NULL_CONVERSION = YES;
				CLANG_WARN_OBJC_IMPLICIT_RETAIN_SELF = YES;
				CLANG_WARN_OBJC_LITERAL_CONVERSION = YES;
				CLANG_WARN_OBJC_ROOT_CLASS = YES_ERROR;
				CLANG_WARN_RANGE_LOOP_ANALYSIS = YES;
				CLANG_WARN_STRICT_PROTOTYPES = YES;
				CLANG_WARN_SUSPICIOUS_MOVE = YES;
				CLANG_WARN_UNGUARDED_AVAILABILITY = YES_AGGRESSIVE;
				CLANG_WARN_UNREACHABLE_CODE = YES;
				CLANG_WARN__DUPLICATE_METHOD_MATCH = YES;
				COPY_PHASE_STRIP = NO;
				DEBUG_INFORMATION_FORMAT = "dwarf-with-dsym";
				ENABLE_NS_ASSERTIONS = NO;
				ENABLE_STRICT_OBJC_MSGSEND = YES;
				GCC_C_LANGUAGE_STANDARD = gnu11;
				GCC_NO_COMMON_BLOCKS = YES;
				GCC_WARN_64_TO_32_BIT_CONVERSION = YES;
				GCC_WARN_ABOUT_RETURN_TYPE = YES_ERROR;
				GCC_WARN_UNDECLARED_SELECTOR = YES;
				GCC_WARN_UNINITIALIZED_AUTOS = YES_AGGRESSIVE;
				GCC_WARN_UNUSED_FUNCTION = YES;
				GCC_WARN_UNUSED_VARIABLE = YES;
				IPHONEOS_DEPLOYMENT_TARGET = 13.2;
				MTL_ENABLE_DEBUG_INFO = NO;
				MTL_FAST_MATH = YES;
				SDKROOT = iphoneos;
				SWIFT_COMPILATION_MODE = wholemodule;
				SWIFT_OPTIMIZATION_LEVEL = "-O";
				VALIDATE_PRODUCT = YES;
			};
			name = Release;
		};
		7AD5AF0723AA357500987625 /* Debug */ = {
			isa = XCBuildConfiguration;
			buildSettings = {
				ASSETCATALOG_COMPILER_APPICON_NAME = AppIcon;
				CLANG_ENABLE_MODULES = YES;
				CODE_SIGN_IDENTITY = "Apple Development";
				CODE_SIGN_STYLE = Automatic;
				DEVELOPMENT_TEAM = "";
				INFOPLIST_FILE = ideeRepas/Info.plist;
				LD_RUNPATH_SEARCH_PATHS = (
					"$(inherited)",
					"@executable_path/Frameworks",
				);
				PRODUCT_BUNDLE_IDENTIFIER = com.ajaugey.ideeRepas;
				PRODUCT_NAME = "$(TARGET_NAME)";
				PROVISIONING_PROFILE_SPECIFIER = "";
				SWIFT_OPTIMIZATION_LEVEL = "-Onone";
				SWIFT_VERSION = 5.0;
				TARGETED_DEVICE_FAMILY = 1;
			};
			name = Debug;
		};
		7AD5AF0823AA357500987625 /* Release */ = {
			isa = XCBuildConfiguration;
			buildSettings = {
				ASSETCATALOG_COMPILER_APPICON_NAME = AppIcon;
				CLANG_ENABLE_MODULES = YES;
				CODE_SIGN_IDENTITY = "Apple Development";
				CODE_SIGN_STYLE = Automatic;
				DEVELOPMENT_TEAM = "";
				INFOPLIST_FILE = ideeRepas/Info.plist;
				LD_RUNPATH_SEARCH_PATHS = (
					"$(inherited)",
					"@executable_path/Frameworks",
				);
				PRODUCT_BUNDLE_IDENTIFIER = com.ajaugey.ideeRepas;
				PRODUCT_NAME = "$(TARGET_NAME)";
				PROVISIONING_PROFILE_SPECIFIER = "";
				SWIFT_VERSION = 5.0;
				TARGETED_DEVICE_FAMILY = 1;
			};
			name = Release;
		};
/* End XCBuildConfiguration section */

/* Begin XCConfigurationList section */
		7AD5AEED23AA354D00987625 /* Build configuration list for PBXProject "ideeRepas" */ = {
			isa = XCConfigurationList;
			buildConfigurations = (
				7AD5AF0423AA357500987625 /* Debug */,
				7AD5AF0523AA357500987625 /* Release */,
			);
			defaultConfigurationIsVisible = 0;
			defaultConfigurationName = Release;
		};
		7AD5AF0623AA357500987625 /* Build configuration list for PBXNativeTarget "ideeRepas" */ = {
			isa = XCConfigurationList;
			buildConfigurations = (
				7AD5AF0723AA357500987625 /* Debug */,
				7AD5AF0823AA357500987625 /* Release */,
			);
			defaultConfigurationIsVisible = 0;
			defaultConfigurationName = Release;
		};
/* End XCConfigurationList section */
	};
	rootObject = 7AD5AEEA23AA354D00987625 /* Project object */;
}
